
Microsoft Visual Studio Solution File, Format Version 12.00
# Visual Studio Version 16
VisualStudioVersion = 16.0.31112.23
MinimumVisualStudioVersion = 10.0.40219.1
Project("{8BC9CEB8-8B4A-11D0-8D11-00A0C91BC942}") = "RS232", "RS232\RS232.vcxproj", "{F369349C-F167-40F9-A4C4-0C3B4F6FFFB0}"
EndProject
Global
	GlobalSection(SolutionConfigurationPlatforms) = preSolution
		Debug|x64 = Debug|x64
		Debug|x86 = Debug|x86
		Release|x64 = Release|x64
		Release|x86 = Release|x86
	EndGlobalSection
	GlobalSection(ProjectConfigurationPlatforms) = postSolution
		{F369349C-F167-40F9-A4C4-0C3B4F6FFFB0}.Debug|x64.ActiveCfg = Debug|x64
		{F369349C-F167-40F9-A4C4-0C3B4F6FFFB0}.Debug|x64.Build.0 = Debug|x64
		{F369349C-F167-40F9-A4C4-0C3B4F6FFFB0}.Debug|x86.ActiveCfg = Debug|Win32
		{F369349C-F167-40F9-A4C4-0C3B4F6FFFB0}.Debug|x86.Build.0 = Debug|Win32
		{F369349C-F167-40F9-A4C4-0C3B4F6FFFB0}.Release|x64.ActiveCfg = Release|x64
		{F369349C-F167-40F9-A4C4-0C3B4F6FFFB0}.Release|x64.Build.0 = Release|x64
		{F369349C-F167-40F9-A4C4-0C3B4F6FFFB0}.Release|x86.ActiveCfg = Release|Win32
		{F369349C-F167-40F9-A4C4-0C3B4F6FFFB0}.Release|x86.Build.0 = Release|Win32
	EndGlobalSection
	GlobalSection(SolutionProperties) = preSolution
		HideSolutionNode = FALSE
	EndGlobalSection
	GlobalSection(ExtensibilityGlobals) = postSolution
		SolutionGuid = {25BEE4EB-9252-46EC-A4A3-A5E04398DE78}
	EndGlobalSection
EndGlobal
